// !$*UTF8*$!
{
	archiveVersion = 1;
	classes = {
	};
	objectVersion = 50;
	objects = {

/* Begin PBXBuildFile section */
		3416557224FF7EDE00BF702E /* main.c in Sources */ = {isa = PBXBuildFile; fileRef = 3416557124FF7EDE00BF702E /* main.c */; };
		34474A1C25077ACC00178222 /* CoreFoundation.framework in Frameworks */ = {isa = PBXBuildFile; fileRef = 34474A1B25077ACC00178222 /* CoreFoundation.framework */; };
		34474A1E25077AE000178222 /* IOKit.framework in Frameworks */ = {isa = PBXBuildFile; fileRef = 34474A1D25077AE000178222 /* IOKit.framework */; };
		34474A2025077B2E00178222 /* libconcert.a in Frameworks */ = {isa = PBXBuildFile; fileRef = 34474A1F25077B2E00178222 /* libconcert.a */; };
		34474A2425077B6500178222 /* libcplexdistmip.a in Frameworks */ = {isa = PBXBuildFile; fileRef = 34474A2125077B6400178222 /* libcplexdistmip.a */; };
		34474A2525077B6500178222 /* libilocplex.a in Frameworks */ = {isa = PBXBuildFile; fileRef = 34474A2225077B6400178222 /* libilocplex.a */; };
		34474A2625077B6500178222 /* libcplex.a in Frameworks */ = {isa = PBXBuildFile; fileRef = 34474A2325077B6400178222 /* libcplex.a */; };
		34F390A4254C231400FA844C /* horzcat.c in Sources */ = {isa = PBXBuildFile; fileRef = 34F3905A254C230F00FA844C /* horzcat.c */; };
		34F390A5254C231400FA844C /* diag.c in Sources */ = {isa = PBXBuildFile; fileRef = 34F39061254C230F00FA844C /* diag.c */; };
		34F390A6254C231400FA844C /* repmat1.c in Sources */ = {isa = PBXBuildFile; fileRef = 34F39063254C230F00FA844C /* repmat1.c */; };
		34F390A7254C231400FA844C /* sort.c in Sources */ = {isa = PBXBuildFile; fileRef = 34F39064254C230F00FA844C /* sort.c */; };
		34F390A8254C231400FA844C /* get_MILP_terminate.c in Sources */ = {isa = PBXBuildFile; fileRef = 34F39068254C231000FA844C /* get_MILP_terminate.c */; };
		34F390A9254C231400FA844C /* repmat.c in Sources */ = {isa = PBXBuildFile; fileRef = 34F3906A254C231000FA844C /* repmat.c */; };
		34F390AA254C231400FA844C /* catCheck.c in Sources */ = {isa = PBXBuildFile; fileRef = 34F3906B254C231000FA844C /* catCheck.c */; };
		34F390AB254C231400FA844C /* sparse1.c in Sources */ = {isa = PBXBuildFile; fileRef = 34F3906C254C231000FA844C /* sparse1.c */; };
		34F390AC254C231400FA844C /* parenAssign2D.c in Sources */ = {isa = PBXBuildFile; fileRef = 34F3906D254C231000FA844C /* parenAssign2D.c */; };
		34F390AD254C231400FA844C /* fillIn.c in Sources */ = {isa = PBXBuildFile; fileRef = 34F3906F254C231000FA844C /* fillIn.c */; };
		34F390AE254C231400FA844C /* vertcat.c in Sources */ = {isa = PBXBuildFile; fileRef = 34F39070254C231000FA844C /* vertcat.c */; };
		34F390AF254C231400FA844C /* get_MILP_data.c in Sources */ = {isa = PBXBuildFile; fileRef = 34F39071254C231000FA844C /* get_MILP_data.c */; };
		34F390B0254C231400FA844C /* get_MILP_emxutil.c in Sources */ = {isa = PBXBuildFile; fileRef = 34F39073254C231000FA844C /* get_MILP_emxutil.c */; };
		34F390B1254C231400FA844C /* sprintf.c in Sources */ = {isa = PBXBuildFile; fileRef = 34F39075254C231100FA844C /* sprintf.c */; };
		34F390B2254C231400FA844C /* sparse.c in Sources */ = {isa = PBXBuildFile; fileRef = 34F39078254C231100FA844C /* sparse.c */; };
		34F390B3254C231400FA844C /* find.c in Sources */ = {isa = PBXBuildFile; fileRef = 34F3907A254C231100FA844C /* find.c */; };
		34F390B4254C231400FA844C /* get_MILP_emxAPI.c in Sources */ = {isa = PBXBuildFile; fileRef = 34F3907C254C231100FA844C /* get_MILP_emxAPI.c */; };
		34F390B5254C231400FA844C /* rtGetNaN.c in Sources */ = {isa = PBXBuildFile; fileRef = 34F3907E254C231100FA844C /* rtGetNaN.c */; };
		34F390B6254C231400FA844C /* spdiags.c in Sources */ = {isa = PBXBuildFile; fileRef = 34F39080254C231100FA844C /* spdiags.c */; };
		34F390B7254C231400FA844C /* locBsearch.c in Sources */ = {isa = PBXBuildFile; fileRef = 34F39081254C231200FA844C /* locBsearch.c */; };
		34F390B8254C231400FA844C /* get_MILP.c in Sources */ = {isa = PBXBuildFile; fileRef = 34F39082254C231200FA844C /* get_MILP.c */; };
		34F390B9254C231400FA844C /* get_MILP_initialize.c in Sources */ = {isa = PBXBuildFile; fileRef = 34F39083254C231200FA844C /* get_MILP_initialize.c */; };
		34F390BA254C231400FA844C /* kron.c in Sources */ = {isa = PBXBuildFile; fileRef = 34F39087254C231200FA844C /* kron.c */; };
		34F390BB254C231400FA844C /* minOrMax.c in Sources */ = {isa = PBXBuildFile; fileRef = 34F3908C254C231200FA844C /* minOrMax.c */; };
		34F390BC254C231400FA844C /* rtGetInf.c in Sources */ = {isa = PBXBuildFile; fileRef = 34F3908D254C231200FA844C /* rtGetInf.c */; };
		34F390BD254C231400FA844C /* nullAssignment.c in Sources */ = {isa = PBXBuildFile; fileRef = 34F3908F254C231300FA844C /* nullAssignment.c */; };
		34F390BE254C231400FA844C /* eye.c in Sources */ = {isa = PBXBuildFile; fileRef = 34F39090254C231300FA844C /* eye.c */; };
		34F390BF254C231400FA844C /* insertionsort.c in Sources */ = {isa = PBXBuildFile; fileRef = 34F39091254C231300FA844C /* insertionsort.c */; };
		34F390C0254C231400FA844C /* sum.c in Sources */ = {isa = PBXBuildFile; fileRef = 34F39093254C231300FA844C /* sum.c */; };
		34F390C1254C231400FA844C /* sortIdx.c in Sources */ = {isa = PBXBuildFile; fileRef = 34F39094254C231300FA844C /* sortIdx.c */; };
		34F390C2254C231400FA844C /* triu.c in Sources */ = {isa = PBXBuildFile; fileRef = 34F39096254C231300FA844C /* triu.c */; };
		34F390C3254C231400FA844C /* introsort.c in Sources */ = {isa = PBXBuildFile; fileRef = 34F39097254C231300FA844C /* introsort.c */; };
		34F390C4254C231400FA844C /* repelem.c in Sources */ = {isa = PBXBuildFile; fileRef = 34F3909C254C231400FA844C /* repelem.c */; };
		34F390C5254C231400FA844C /* rt_nonfinite.c in Sources */ = {isa = PBXBuildFile; fileRef = 34F390A0254C231400FA844C /* rt_nonfinite.c */; };
		34F390C6254C231400FA844C /* heapsort.c in Sources */ = {isa = PBXBuildFile; fileRef = 34F390A1254C231400FA844C /* heapsort.c */; };
		34F390C7254C231400FA844C /* colon.c in Sources */ = {isa = PBXBuildFile; fileRef = 34F390A3254C231400FA844C /* colon.c */; };
		34FA5A5B254C03A1003D7362 /* my_math.c in Sources */ = {isa = PBXBuildFile; fileRef = 34FA5A54254C03A1003D7362 /* my_math.c */; };
		34FA5A5D254C03A1003D7362 /* my_functions.c in Sources */ = {isa = PBXBuildFile; fileRef = 34FA5A56254C03A1003D7362 /* my_functions.c */; };
		34FA5A5E254C03A1003D7362 /* init_sol.c in Sources */ = {isa = PBXBuildFile; fileRef = 34FA5A59254C03A1003D7362 /* init_sol.c */; };
/* End PBXBuildFile section */

/* Begin PBXCopyFilesBuildPhase section */
		3416556C24FF7EDE00BF702E /* CopyFiles */ = {
			isa = PBXCopyFilesBuildPhase;
			buildActionMask = 2147483647;
			dstPath = /usr/share/man/man1/;
			dstSubfolderSpec = 0;
			files = (
			);
			runOnlyForDeploymentPostprocessing = 1;
		};
/* End PBXCopyFilesBuildPhase section */

/* Begin PBXFileReference section */
		3416556E24FF7EDE00BF702E /* SWAMPOPT */ = {isa = PBXFileReference; explicitFileType = "compiled.mach-o.executable"; includeInIndex = 0; path = SWAMPOPT; sourceTree = BUILT_PRODUCTS_DIR; };
		3416557124FF7EDE00BF702E /* main.c */ = {isa = PBXFileReference; lastKnownFileType = sourcecode.c.c; path = main.c; sourceTree = "<group>"; };
		344749A9250390F300178222 /* tmwtypes.h */ = {isa = PBXFileReference; fileEncoding = 4; lastKnownFileType = sourcecode.c.h; path = tmwtypes.h; sourceTree = "<group>"; };
		34474A1B25077ACC00178222 /* CoreFoundation.framework */ = {isa = PBXFileReference; lastKnownFileType = wrapper.framework; name = CoreFoundation.framework; path = System/Library/Frameworks/CoreFoundation.framework; sourceTree = SDKROOT; };
		34474A1D25077AE000178222 /* IOKit.framework */ = {isa = PBXFileReference; lastKnownFileType = wrapper.framework; name = IOKit.framework; path = System/Library/Frameworks/IOKit.framework; sourceTree = SDKROOT; };
		34474A1F25077B2E00178222 /* libconcert.a */ = {isa = PBXFileReference; lastKnownFileType = archive.ar; name = libconcert.a; path = "../../../../Applications/CPLEX_Studio129/concert/lib/x86-64_osx/static_pic/libconcert.a"; sourceTree = "<group>"; };
		34474A2125077B6400178222 /* libcplexdistmip.a */ = {isa = PBXFileReference; lastKnownFileType = archive.ar; name = libcplexdistmip.a; path = "../../../../Applications/CPLEX_Studio129/cplex/lib/x86-64_osx/static_pic/libcplexdistmip.a"; sourceTree = "<group>"; };
		34474A2225077B6400178222 /* libilocplex.a */ = {isa = PBXFileReference; lastKnownFileType = archive.ar; name = libilocplex.a; path = "../../../../Applications/CPLEX_Studio129/cplex/lib/x86-64_osx/static_pic/libilocplex.a"; sourceTree = "<group>"; };
		34474A2325077B6400178222 /* libcplex.a */ = {isa = PBXFileReference; lastKnownFileType = archive.ar; name = libcplex.a; path = "../../../../Applications/CPLEX_Studio129/cplex/lib/x86-64_osx/static_pic/libcplex.a"; sourceTree = "<group>"; };
		3493F3182518B3DC007FA460 /* libomp.dylib */ = {isa = PBXFileReference; lastKnownFileType = "compiled.mach-o.dylib"; name = libomp.dylib; path = ../../../../usr/local/Cellar/llvm/10.0.1_1/lib/libomp.dylib; sourceTree = "<group>"; };
		3493F31A2518B563007FA460 /* libiomp5.dylib */ = {isa = PBXFileReference; lastKnownFileType = "compiled.mach-o.dylib"; name = libiomp5.dylib; path = ../../Dropbox/MATLAB/libreria/cvx/mosek/maci64/libiomp5.dylib; sourceTree = "<group>"; };
		34F3905A254C230F00FA844C /* horzcat.c */ = {isa = PBXFileReference; fileEncoding = 4; lastKnownFileType = sourcecode.c.c; name = horzcat.c; path = "../../../Dropbox/MATLAB/water scheduling/C_code/codegen/lib/get_MILP/horzcat.c"; sourceTree = "<group>"; };
		34F3905B254C230F00FA844C /* repelem.h */ = {isa = PBXFileReference; fileEncoding = 4; lastKnownFileType = sourcecode.c.h; name = repelem.h; path = "../../../Dropbox/MATLAB/water scheduling/C_code/codegen/lib/get_MILP/repelem.h"; sourceTree = "<group>"; };
		34F3905C254C230F00FA844C /* nullAssignment.h */ = {isa = PBXFileReference; fileEncoding = 4; lastKnownFileType = sourcecode.c.h; name = nullAssignment.h; path = "../../../Dropbox/MATLAB/water scheduling/C_code/codegen/lib/get_MILP/nullAssignment.h"; sourceTree = "<group>"; };
		34F3905D254C230F00FA844C /* kron.h */ = {isa = PBXFileReference; fileEncoding = 4; lastKnownFileType = sourcecode.c.h; name = kron.h; path = "../../../Dropbox/MATLAB/water scheduling/C_code/codegen/lib/get_MILP/kron.h"; sourceTree = "<group>"; };
		34F3905E254C230F00FA844C /* diag.h */ = {isa = PBXFileReference; fileEncoding = 4; lastKnownFileType = sourcecode.c.h; name = diag.h; path = "../../../Dropbox/MATLAB/water scheduling/C_code/codegen/lib/get_MILP/diag.h"; sourceTree = "<group>"; };
		34F3905F254C230F00FA844C /* get_MILP_terminate.h */ = {isa = PBXFileReference; fileEncoding = 4; lastKnownFileType = sourcecode.c.h; name = get_MILP_terminate.h; path = "../../../Dropbox/MATLAB/water scheduling/C_code/codegen/lib/get_MILP/get_MILP_terminate.h"; sourceTree = "<group>"; };
		34F39060254C230F00FA844C /* insertionsort.h */ = {isa = PBXFileReference; fileEncoding = 4; lastKnownFileType = sourcecode.c.h; name = insertionsort.h; path = "../../../Dropbox/MATLAB/water scheduling/C_code/codegen/lib/get_MILP/insertionsort.h"; sourceTree = "<group>"; };
		34F39061254C230F00FA844C /* diag.c */ = {isa = PBXFileReference; fileEncoding = 4; lastKnownFileType = sourcecode.c.c; name = diag.c; path = "../../../Dropbox/MATLAB/water scheduling/C_code/codegen/lib/get_MILP/diag.c"; sourceTree = "<group>"; };
		34F39062254C230F00FA844C /* catCheck.h */ = {isa = PBXFileReference; fileEncoding = 4; lastKnownFileType = sourcecode.c.h; name = catCheck.h; path = "../../../Dropbox/MATLAB/water scheduling/C_code/codegen/lib/get_MILP/catCheck.h"; sourceTree = "<group>"; };
		34F39063254C230F00FA844C /* repmat1.c */ = {isa = PBXFileReference; fileEncoding = 4; lastKnownFileType = sourcecode.c.c; name = repmat1.c; path = "../../../Dropbox/MATLAB/water scheduling/C_code/codegen/lib/get_MILP/repmat1.c"; sourceTree = "<group>"; };
		34F39064254C230F00FA844C /* sort.c */ = {isa = PBXFileReference; fileEncoding = 4; lastKnownFileType = sourcecode.c.c; name = sort.c; path = "../../../Dropbox/MATLAB/water scheduling/C_code/codegen/lib/get_MILP/sort.c"; sourceTree = "<group>"; };
		34F39065254C230F00FA844C /* sort.h */ = {isa = PBXFileReference; fileEncoding = 4; lastKnownFileType = sourcecode.c.h; name = sort.h; path = "../../../Dropbox/MATLAB/water scheduling/C_code/codegen/lib/get_MILP/sort.h"; sourceTree = "<group>"; };
		34F39066254C230F00FA844C /* sparse1.h */ = {isa = PBXFileReference; fileEncoding = 4; lastKnownFileType = sourcecode.c.h; name = sparse1.h; path = "../../../Dropbox/MATLAB/water scheduling/C_code/codegen/lib/get_MILP/sparse1.h"; sourceTree = "<group>"; };
		34F39067254C231000FA844C /* introsort.h */ = {isa = PBXFileReference; fileEncoding = 4; lastKnownFileType = sourcecode.c.h; name = introsort.h; path = "../../../Dropbox/MATLAB/water scheduling/C_code/codegen/lib/get_MILP/introsort.h"; sourceTree = "<group>"; };
		34F39068254C231000FA844C /* get_MILP_terminate.c */ = {isa = PBXFileReference; fileEncoding = 4; lastKnownFileType = sourcecode.c.c; name = get_MILP_terminate.c; path = "../../../Dropbox/MATLAB/water scheduling/C_code/codegen/lib/get_MILP/get_MILP_terminate.c"; sourceTree = "<group>"; };
		34F39069254C231000FA844C /* get_MILP.h */ = {isa = PBXFileReference; fileEncoding = 4; lastKnownFileType = sourcecode.c.h; name = get_MILP.h; path = "../../../Dropbox/MATLAB/water scheduling/C_code/codegen/lib/get_MILP/get_MILP.h"; sourceTree = "<group>"; };
		34F3906A254C231000FA844C /* repmat.c */ = {isa = PBXFileReference; fileEncoding = 4; lastKnownFileType = sourcecode.c.c; name = repmat.c; path = "../../../Dropbox/MATLAB/water scheduling/C_code/codegen/lib/get_MILP/repmat.c"; sourceTree = "<group>"; };
		34F3906B254C231000FA844C /* catCheck.c */ = {isa = PBXFileReference; fileEncoding = 4; lastKnownFileType = sourcecode.c.c; name = catCheck.c; path = "../../../Dropbox/MATLAB/water scheduling/C_code/codegen/lib/get_MILP/catCheck.c"; sourceTree = "<group>"; };
		34F3906C254C231000FA844C /* sparse1.c */ = {isa = PBXFileReference; fileEncoding = 4; lastKnownFileType = sourcecode.c.c; name = sparse1.c; path = "../../../Dropbox/MATLAB/water scheduling/C_code/codegen/lib/get_MILP/sparse1.c"; sourceTree = "<group>"; };
		34F3906D254C231000FA844C /* parenAssign2D.c */ = {isa = PBXFileReference; fileEncoding = 4; lastKnownFileType = sourcecode.c.c; name = parenAssign2D.c; path = "../../../Dropbox/MATLAB/water scheduling/C_code/codegen/lib/get_MILP/parenAssign2D.c"; sourceTree = "<group>"; };
		34F3906E254C231000FA844C /* sum.h */ = {isa = PBXFileReference; fileEncoding = 4; lastKnownFileType = sourcecode.c.h; name = sum.h; path = "../../../Dropbox/MATLAB/water scheduling/C_code/codegen/lib/get_MILP/sum.h"; sourceTree = "<group>"; };
		34F3906F254C231000FA844C /* fillIn.c */ = {isa = PBXFileReference; fileEncoding = 4; lastKnownFileType = sourcecode.c.c; name = fillIn.c; path = "../../../Dropbox/MATLAB/water scheduling/C_code/codegen/lib/get_MILP/fillIn.c"; sourceTree = "<group>"; };
		34F39070254C231000FA844C /* vertcat.c */ = {isa = PBXFileReference; fileEncoding = 4; lastKnownFileType = sourcecode.c.c; name = vertcat.c; path = "../../../Dropbox/MATLAB/water scheduling/C_code/codegen/lib/get_MILP/vertcat.c"; sourceTree = "<group>"; };
		34F39071254C231000FA844C /* get_MILP_data.c */ = {isa = PBXFileReference; fileEncoding = 4; lastKnownFileType = sourcecode.c.c; name = get_MILP_data.c; path = "../../../Dropbox/MATLAB/water scheduling/C_code/codegen/lib/get_MILP/get_MILP_data.c"; sourceTree = "<group>"; };
		34F39072254C231000FA844C /* locBsearch.h */ = {isa = PBXFileReference; fileEncoding = 4; lastKnownFileType = sourcecode.c.h; name = locBsearch.h; path = "../../../Dropbox/MATLAB/water scheduling/C_code/codegen/lib/get_MILP/locBsearch.h"; sourceTree = "<group>"; };
		34F39073254C231000FA844C /* get_MILP_emxutil.c */ = {isa = PBXFileReference; fileEncoding = 4; lastKnownFileType = sourcecode.c.c; name = get_MILP_emxutil.c; path = "../../../Dropbox/MATLAB/water scheduling/C_code/codegen/lib/get_MILP/get_MILP_emxutil.c"; sourceTree = "<group>"; };
		34F39074254C231100FA844C /* rt_nonfinite.h */ = {isa = PBXFileReference; fileEncoding = 4; lastKnownFileType = sourcecode.c.h; name = rt_nonfinite.h; path = "../../../Dropbox/MATLAB/water scheduling/C_code/codegen/lib/get_MILP/rt_nonfinite.h"; sourceTree = "<group>"; };
		34F39075254C231100FA844C /* sprintf.c */ = {isa = PBXFileReference; fileEncoding = 4; lastKnownFileType = sourcecode.c.c; name = sprintf.c; path = "../../../Dropbox/MATLAB/water scheduling/C_code/codegen/lib/get_MILP/sprintf.c"; sourceTree = "<group>"; };
		34F39076254C231100FA844C /* horzcat.h */ = {isa = PBXFileReference; fileEncoding = 4; lastKnownFileType = sourcecode.c.h; name = horzcat.h; path = "../../../Dropbox/MATLAB/water scheduling/C_code/codegen/lib/get_MILP/horzcat.h"; sourceTree = "<group>"; };
		34F39077254C231100FA844C /* rtGetNaN.h */ = {isa = PBXFileReference; fileEncoding = 4; lastKnownFileType = sourcecode.c.h; name = rtGetNaN.h; path = "../../../Dropbox/MATLAB/water scheduling/C_code/codegen/lib/get_MILP/rtGetNaN.h"; sourceTree = "<group>"; };
		34F39078254C231100FA844C /* sparse.c */ = {isa = PBXFileReference; fileEncoding = 4; lastKnownFileType = sourcecode.c.c; name = sparse.c; path = "../../../Dropbox/MATLAB/water scheduling/C_code/codegen/lib/get_MILP/sparse.c"; sourceTree = "<group>"; };
		34F39079254C231100FA844C /* eye.h */ = {isa = PBXFileReference; fileEncoding = 4; lastKnownFileType = sourcecode.c.h; name = eye.h; path = "../../../Dropbox/MATLAB/water scheduling/C_code/codegen/lib/get_MILP/eye.h"; sourceTree = "<group>"; };
		34F3907A254C231100FA844C /* find.c */ = {isa = PBXFileReference; fileEncoding = 4; lastKnownFileType = sourcecode.c.c; name = find.c; path = "../../../Dropbox/MATLAB/water scheduling/C_code/codegen/lib/get_MILP/find.c"; sourceTree = "<group>"; };
		34F3907B254C231100FA844C /* sprintf.h */ = {isa = PBXFileReference; fileEncoding = 4; lastKnownFileType = sourcecode.c.h; name = sprintf.h; path = "../../../Dropbox/MATLAB/water scheduling/C_code/codegen/lib/get_MILP/sprintf.h"; sourceTree = "<group>"; };
		34F3907C254C231100FA844C /* get_MILP_emxAPI.c */ = {isa = PBXFileReference; fileEncoding = 4; lastKnownFileType = sourcecode.c.c; name = get_MILP_emxAPI.c; path = "../../../Dropbox/MATLAB/water scheduling/C_code/codegen/lib/get_MILP/get_MILP_emxAPI.c"; sourceTree = "<group>"; };
		34F3907D254C231100FA844C /* get_MILP_emxutil.h */ = {isa = PBXFileReference; fileEncoding = 4; lastKnownFileType = sourcecode.c.h; name = get_MILP_emxutil.h; path = "../../../Dropbox/MATLAB/water scheduling/C_code/codegen/lib/get_MILP/get_MILP_emxutil.h"; sourceTree = "<group>"; };
		34F3907E254C231100FA844C /* rtGetNaN.c */ = {isa = PBXFileReference; fileEncoding = 4; lastKnownFileType = sourcecode.c.c; name = rtGetNaN.c; path = "../../../Dropbox/MATLAB/water scheduling/C_code/codegen/lib/get_MILP/rtGetNaN.c"; sourceTree = "<group>"; };
		34F3907F254C231100FA844C /* sparse.h */ = {isa = PBXFileReference; fileEncoding = 4; lastKnownFileType = sourcecode.c.h; name = sparse.h; path = "../../../Dropbox/MATLAB/water scheduling/C_code/codegen/lib/get_MILP/sparse.h"; sourceTree = "<group>"; };
		34F39080254C231100FA844C /* spdiags.c */ = {isa = PBXFileReference; fileEncoding = 4; lastKnownFileType = sourcecode.c.c; name = spdiags.c; path = "../../../Dropbox/MATLAB/water scheduling/C_code/codegen/lib/get_MILP/spdiags.c"; sourceTree = "<group>"; };
		34F39081254C231200FA844C /* locBsearch.c */ = {isa = PBXFileReference; fileEncoding = 4; lastKnownFileType = sourcecode.c.c; name = locBsearch.c; path = "../../../Dropbox/MATLAB/water scheduling/C_code/codegen/lib/get_MILP/locBsearch.c"; sourceTree = "<group>"; };
		34F39082254C231200FA844C /* get_MILP.c */ = {isa = PBXFileReference; fileEncoding = 4; lastKnownFileType = sourcecode.c.c; name = get_MILP.c; path = "../../../Dropbox/MATLAB/water scheduling/C_code/codegen/lib/get_MILP/get_MILP.c"; sourceTree = "<group>"; };
		34F39083254C231200FA844C /* get_MILP_initialize.c */ = {isa = PBXFileReference; fileEncoding = 4; lastKnownFileType = sourcecode.c.c; name = get_MILP_initialize.c; path = "../../../Dropbox/MATLAB/water scheduling/C_code/codegen/lib/get_MILP/get_MILP_initialize.c"; sourceTree = "<group>"; };
		34F39084254C231200FA844C /* repmat1.h */ = {isa = PBXFileReference; fileEncoding = 4; lastKnownFileType = sourcecode.c.h; name = repmat1.h; path = "../../../Dropbox/MATLAB/water scheduling/C_code/codegen/lib/get_MILP/repmat1.h"; sourceTree = "<group>"; };
		34F39085254C231200FA844C /* get_MILP_data.h */ = {isa = PBXFileReference; fileEncoding = 4; lastKnownFileType = sourcecode.c.h; name = get_MILP_data.h; path = "../../../Dropbox/MATLAB/water scheduling/C_code/codegen/lib/get_MILP/get_MILP_data.h"; sourceTree = "<group>"; };
		34F39086254C231200FA844C /* minOrMax.h */ = {isa = PBXFileReference; fileEncoding = 4; lastKnownFileType = sourcecode.c.h; name = minOrMax.h; path = "../../../Dropbox/MATLAB/water scheduling/C_code/codegen/lib/get_MILP/minOrMax.h"; sourceTree = "<group>"; };
		34F39087254C231200FA844C /* kron.c */ = {isa = PBXFileReference; fileEncoding = 4; lastKnownFileType = sourcecode.c.c; name = kron.c; path = "../../../Dropbox/MATLAB/water scheduling/C_code/codegen/lib/get_MILP/kron.c"; sourceTree = "<group>"; };
		34F39088254C231200FA844C /* spdiags.h */ = {isa = PBXFileReference; fileEncoding = 4; lastKnownFileType = sourcecode.c.h; name = spdiags.h; path = "../../../Dropbox/MATLAB/water scheduling/C_code/codegen/lib/get_MILP/spdiags.h"; sourceTree = "<group>"; };
		34F39089254C231200FA844C /* fillIn.h */ = {isa = PBXFileReference; fileEncoding = 4; lastKnownFileType = sourcecode.c.h; name = fillIn.h; path = "../../../Dropbox/MATLAB/water scheduling/C_code/codegen/lib/get_MILP/fillIn.h"; sourceTree = "<group>"; };
		34F3908A254C231200FA844C /* get_MILP_initialize.h */ = {isa = PBXFileReference; fileEncoding = 4; lastKnownFileType = sourcecode.c.h; name = get_MILP_initialize.h; path = "../../../Dropbox/MATLAB/water scheduling/C_code/codegen/lib/get_MILP/get_MILP_initialize.h"; sourceTree = "<group>"; };
		34F3908B254C231200FA844C /* repmat.h */ = {isa = PBXFileReference; fileEncoding = 4; lastKnownFileType = sourcecode.c.h; name = repmat.h; path = "../../../Dropbox/MATLAB/water scheduling/C_code/codegen/lib/get_MILP/repmat.h"; sourceTree = "<group>"; };
		34F3908C254C231200FA844C /* minOrMax.c */ = {isa = PBXFileReference; fileEncoding = 4; lastKnownFileType = sourcecode.c.c; name = minOrMax.c; path = "../../../Dropbox/MATLAB/water scheduling/C_code/codegen/lib/get_MILP/minOrMax.c"; sourceTree = "<group>"; };
		34F3908D254C231200FA844C /* rtGetInf.c */ = {isa = PBXFileReference; fileEncoding = 4; lastKnownFileType = sourcecode.c.c; name = rtGetInf.c; path = "../../../Dropbox/MATLAB/water scheduling/C_code/codegen/lib/get_MILP/rtGetInf.c"; sourceTree = "<group>"; };
		34F3908E254C231200FA844C /* get_MILP_emxAPI.h */ = {isa = PBXFileReference; fileEncoding = 4; lastKnownFileType = sourcecode.c.h; name = get_MILP_emxAPI.h; path = "../../../Dropbox/MATLAB/water scheduling/C_code/codegen/lib/get_MILP/get_MILP_emxAPI.h"; sourceTree = "<group>"; };
		34F3908F254C231300FA844C /* nullAssignment.c */ = {isa = PBXFileReference; fileEncoding = 4; lastKnownFileType = sourcecode.c.c; name = nullAssignment.c; path = "../../../Dropbox/MATLAB/water scheduling/C_code/codegen/lib/get_MILP/nullAssignment.c"; sourceTree = "<group>"; };
		34F39090254C231300FA844C /* eye.c */ = {isa = PBXFileReference; fileEncoding = 4; lastKnownFileType = sourcecode.c.c; name = eye.c; path = "../../../Dropbox/MATLAB/water scheduling/C_code/codegen/lib/get_MILP/eye.c"; sourceTree = "<group>"; };
		34F39091254C231300FA844C /* insertionsort.c */ = {isa = PBXFileReference; fileEncoding = 4; lastKnownFileType = sourcecode.c.c; name = insertionsort.c; path = "../../../Dropbox/MATLAB/water scheduling/C_code/codegen/lib/get_MILP/insertionsort.c"; sourceTree = "<group>"; };
		34F39092254C231300FA844C /* find.h */ = {isa = PBXFileReference; fileEncoding = 4; lastKnownFileType = sourcecode.c.h; name = find.h; path = "../../../Dropbox/MATLAB/water scheduling/C_code/codegen/lib/get_MILP/find.h"; sourceTree = "<group>"; };
		34F39093254C231300FA844C /* sum.c */ = {isa = PBXFileReference; fileEncoding = 4; lastKnownFileType = sourcecode.c.c; name = sum.c; path = "../../../Dropbox/MATLAB/water scheduling/C_code/codegen/lib/get_MILP/sum.c"; sourceTree = "<group>"; };
		34F39094254C231300FA844C /* sortIdx.c */ = {isa = PBXFileReference; fileEncoding = 4; lastKnownFileType = sourcecode.c.c; name = sortIdx.c; path = "../../../Dropbox/MATLAB/water scheduling/C_code/codegen/lib/get_MILP/sortIdx.c"; sourceTree = "<group>"; };
		34F39095254C231300FA844C /* triu.h */ = {isa = PBXFileReference; fileEncoding = 4; lastKnownFileType = sourcecode.c.h; name = triu.h; path = "../../../Dropbox/MATLAB/water scheduling/C_code/codegen/lib/get_MILP/triu.h"; sourceTree = "<group>"; };
		34F39096254C231300FA844C /* triu.c */ = {isa = PBXFileReference; fileEncoding = 4; lastKnownFileType = sourcecode.c.c; name = triu.c; path = "../../../Dropbox/MATLAB/water scheduling/C_code/codegen/lib/get_MILP/triu.c"; sourceTree = "<group>"; };
		34F39097254C231300FA844C /* introsort.c */ = {isa = PBXFileReference; fileEncoding = 4; lastKnownFileType = sourcecode.c.c; name = introsort.c; path = "../../../Dropbox/MATLAB/water scheduling/C_code/codegen/lib/get_MILP/introsort.c"; sourceTree = "<group>"; };
		34F39098254C231300FA844C /* heapsort.h */ = {isa = PBXFileReference; fileEncoding = 4; lastKnownFileType = sourcecode.c.h; name = heapsort.h; path = "../../../Dropbox/MATLAB/water scheduling/C_code/codegen/lib/get_MILP/heapsort.h"; sourceTree = "<group>"; };
		34F39099254C231300FA844C /* rtwtypes.h */ = {isa = PBXFileReference; fileEncoding = 4; lastKnownFileType = sourcecode.c.h; name = rtwtypes.h; path = "../../../Dropbox/MATLAB/water scheduling/C_code/codegen/lib/get_MILP/rtwtypes.h"; sourceTree = "<group>"; };
		34F3909A254C231300FA844C /* sortIdx.h */ = {isa = PBXFileReference; fileEncoding = 4; lastKnownFileType = sourcecode.c.h; name = sortIdx.h; path = "../../../Dropbox/MATLAB/water scheduling/C_code/codegen/lib/get_MILP/sortIdx.h"; sourceTree = "<group>"; };
		34F3909B254C231300FA844C /* rtGetInf.h */ = {isa = PBXFileReference; fileEncoding = 4; lastKnownFileType = sourcecode.c.h; name = rtGetInf.h; path = "../../../Dropbox/MATLAB/water scheduling/C_code/codegen/lib/get_MILP/rtGetInf.h"; sourceTree = "<group>"; };
		34F3909C254C231400FA844C /* repelem.c */ = {isa = PBXFileReference; fileEncoding = 4; lastKnownFileType = sourcecode.c.c; name = repelem.c; path = "../../../Dropbox/MATLAB/water scheduling/C_code/codegen/lib/get_MILP/repelem.c"; sourceTree = "<group>"; };
		34F3909D254C231400FA844C /* vertcat.h */ = {isa = PBXFileReference; fileEncoding = 4; lastKnownFileType = sourcecode.c.h; name = vertcat.h; path = "../../../Dropbox/MATLAB/water scheduling/C_code/codegen/lib/get_MILP/vertcat.h"; sourceTree = "<group>"; };
		34F3909E254C231400FA844C /* parenAssign2D.h */ = {isa = PBXFileReference; fileEncoding = 4; lastKnownFileType = sourcecode.c.h; name = parenAssign2D.h; path = "../../../Dropbox/MATLAB/water scheduling/C_code/codegen/lib/get_MILP/parenAssign2D.h"; sourceTree = "<group>"; };
		34F3909F254C231400FA844C /* get_MILP_types.h */ = {isa = PBXFileReference; fileEncoding = 4; lastKnownFileType = sourcecode.c.h; name = get_MILP_types.h; path = "../../../Dropbox/MATLAB/water scheduling/C_code/codegen/lib/get_MILP/get_MILP_types.h"; sourceTree = "<group>"; };
		34F390A0254C231400FA844C /* rt_nonfinite.c */ = {isa = PBXFileReference; fileEncoding = 4; lastKnownFileType = sourcecode.c.c; name = rt_nonfinite.c; path = "../../../Dropbox/MATLAB/water scheduling/C_code/codegen/lib/get_MILP/rt_nonfinite.c"; sourceTree = "<group>"; };
		34F390A1254C231400FA844C /* heapsort.c */ = {isa = PBXFileReference; fileEncoding = 4; lastKnownFileType = sourcecode.c.c; name = heapsort.c; path = "../../../Dropbox/MATLAB/water scheduling/C_code/codegen/lib/get_MILP/heapsort.c"; sourceTree = "<group>"; };
		34F390A2254C231400FA844C /* colon.h */ = {isa = PBXFileReference; fileEncoding = 4; lastKnownFileType = sourcecode.c.h; name = colon.h; path = "../../../Dropbox/MATLAB/water scheduling/C_code/codegen/lib/get_MILP/colon.h"; sourceTree = "<group>"; };
		34F390A3254C231400FA844C /* colon.c */ = {isa = PBXFileReference; fileEncoding = 4; lastKnownFileType = sourcecode.c.c; name = colon.c; path = "../../../Dropbox/MATLAB/water scheduling/C_code/codegen/lib/get_MILP/colon.c"; sourceTree = "<group>"; };
		34FA5A54254C03A1003D7362 /* my_math.c */ = {isa = PBXFileReference; fileEncoding = 4; lastKnownFileType = sourcecode.c.c; name = my_math.c; path = ../../initial_solution/initial_solution/my_math.c; sourceTree = "<group>"; };
		34FA5A56254C03A1003D7362 /* my_functions.c */ = {isa = PBXFileReference; fileEncoding = 4; lastKnownFileType = sourcecode.c.c; name = my_functions.c; path = ../../initial_solution/initial_solution/my_functions.c; sourceTree = "<group>"; };
		34FA5A57254C03A1003D7362 /* my_math.h */ = {isa = PBXFileReference; fileEncoding = 4; lastKnownFileType = sourcecode.c.h; name = my_math.h; path = ../../initial_solution/initial_solution/my_math.h; sourceTree = "<group>"; };
		34FA5A58254C03A1003D7362 /* my_functions.h */ = {isa = PBXFileReference; fileEncoding = 4; lastKnownFileType = sourcecode.c.h; name = my_functions.h; path = ../../initial_solution/initial_solution/my_functions.h; sourceTree = "<group>"; };
		34FA5A59254C03A1003D7362 /* init_sol.c */ = {isa = PBXFileReference; fileEncoding = 4; lastKnownFileType = sourcecode.c.c; name = init_sol.c; path = ../../initial_solution/initial_solution/init_sol.c; sourceTree = "<group>"; };
		34FA5A5A254C03A1003D7362 /* init_sol.h */ = {isa = PBXFileReference; fileEncoding = 4; lastKnownFileType = sourcecode.c.h; name = init_sol.h; path = ../../initial_solution/initial_solution/init_sol.h; sourceTree = "<group>"; };
/* End PBXFileReference section */

/* Begin PBXFrameworksBuildPhase section */
		3416556B24FF7EDE00BF702E /* Frameworks */ = {
			isa = PBXFrameworksBuildPhase;
			buildActionMask = 2147483647;
			files = (
				34474A2425077B6500178222 /* libcplexdistmip.a in Frameworks */,
				34474A2525077B6500178222 /* libilocplex.a in Frameworks */,
				34474A2625077B6500178222 /* libcplex.a in Frameworks */,
				34474A2025077B2E00178222 /* libconcert.a in Frameworks */,
				34474A1E25077AE000178222 /* IOKit.framework in Frameworks */,
				34474A1C25077ACC00178222 /* CoreFoundation.framework in Frameworks */,
			);
			runOnlyForDeploymentPostprocessing = 0;
		};
/* End PBXFrameworksBuildPhase section */

/* Begin PBXGroup section */
		3416556524FF7EDE00BF702E = {
			isa = PBXGroup;
			children = (
				3416557024FF7EDE00BF702E /* SWAMPOPT */,
				3416556F24FF7EDE00BF702E /* Products */,
				34474A1A25077ACC00178222 /* Frameworks */,
			);
			sourceTree = "<group>";
		};
		3416556F24FF7EDE00BF702E /* Products */ = {
			isa = PBXGroup;
			children = (
				3416556E24FF7EDE00BF702E /* SWAMPOPT */,
			);
			name = Products;
			sourceTree = "<group>";
		};
		3416557024FF7EDE00BF702E /* SWAMPOPT */ = {
			isa = PBXGroup;
			children = (
				34F3906B254C231000FA844C /* catCheck.c */,
				34F39062254C230F00FA844C /* catCheck.h */,
				34F390A3254C231400FA844C /* colon.c */,
				34F390A2254C231400FA844C /* colon.h */,
				34F39061254C230F00FA844C /* diag.c */,
				34F3905E254C230F00FA844C /* diag.h */,
				34F39090254C231300FA844C /* eye.c */,
				34F39079254C231100FA844C /* eye.h */,
				34F3906F254C231000FA844C /* fillIn.c */,
				34F39089254C231200FA844C /* fillIn.h */,
				34F3907A254C231100FA844C /* find.c */,
				34F39092254C231300FA844C /* find.h */,
				34F39071254C231000FA844C /* get_MILP_data.c */,
				34F39085254C231200FA844C /* get_MILP_data.h */,
				34F3907C254C231100FA844C /* get_MILP_emxAPI.c */,
				34F3908E254C231200FA844C /* get_MILP_emxAPI.h */,
				34F39073254C231000FA844C /* get_MILP_emxutil.c */,
				34F3907D254C231100FA844C /* get_MILP_emxutil.h */,
				34F39083254C231200FA844C /* get_MILP_initialize.c */,
				34F3908A254C231200FA844C /* get_MILP_initialize.h */,
				34F39068254C231000FA844C /* get_MILP_terminate.c */,
				34F3905F254C230F00FA844C /* get_MILP_terminate.h */,
				34F3909F254C231400FA844C /* get_MILP_types.h */,
				34F39082254C231200FA844C /* get_MILP.c */,
				34F39069254C231000FA844C /* get_MILP.h */,
				34F390A1254C231400FA844C /* heapsort.c */,
				34F39098254C231300FA844C /* heapsort.h */,
				34F3905A254C230F00FA844C /* horzcat.c */,
				34F39076254C231100FA844C /* horzcat.h */,
				34F39091254C231300FA844C /* insertionsort.c */,
				34F39060254C230F00FA844C /* insertionsort.h */,
				34F39097254C231300FA844C /* introsort.c */,
				34F39067254C231000FA844C /* introsort.h */,
				34F39087254C231200FA844C /* kron.c */,
				34F3905D254C230F00FA844C /* kron.h */,
				34F39081254C231200FA844C /* locBsearch.c */,
				34F39072254C231000FA844C /* locBsearch.h */,
				34F3908C254C231200FA844C /* minOrMax.c */,
				34F39086254C231200FA844C /* minOrMax.h */,
				34F3908F254C231300FA844C /* nullAssignment.c */,
				34F3905C254C230F00FA844C /* nullAssignment.h */,
				34F3906D254C231000FA844C /* parenAssign2D.c */,
				34F3909E254C231400FA844C /* parenAssign2D.h */,
				34F3909C254C231400FA844C /* repelem.c */,
				34F3905B254C230F00FA844C /* repelem.h */,
				34F3906A254C231000FA844C /* repmat.c */,
				34F3908B254C231200FA844C /* repmat.h */,
				34F39063254C230F00FA844C /* repmat1.c */,
				34F39084254C231200FA844C /* repmat1.h */,
				34F390A0254C231400FA844C /* rt_nonfinite.c */,
				34F39074254C231100FA844C /* rt_nonfinite.h */,
				34F3908D254C231200FA844C /* rtGetInf.c */,
				34F3909B254C231300FA844C /* rtGetInf.h */,
				34F3907E254C231100FA844C /* rtGetNaN.c */,
				34F39077254C231100FA844C /* rtGetNaN.h */,
				34F39099254C231300FA844C /* rtwtypes.h */,
				34F39064254C230F00FA844C /* sort.c */,
				34F39065254C230F00FA844C /* sort.h */,
				34F39094254C231300FA844C /* sortIdx.c */,
				34F3909A254C231300FA844C /* sortIdx.h */,
				34F39078254C231100FA844C /* sparse.c */,
				34F3907F254C231100FA844C /* sparse.h */,
				34F3906C254C231000FA844C /* sparse1.c */,
				34F39066254C230F00FA844C /* sparse1.h */,
				34F39080254C231100FA844C /* spdiags.c */,
				34F39088254C231200FA844C /* spdiags.h */,
				34F39075254C231100FA844C /* sprintf.c */,
				34F3907B254C231100FA844C /* sprintf.h */,
				34F39093254C231300FA844C /* sum.c */,
				34F3906E254C231000FA844C /* sum.h */,
				34F39096254C231300FA844C /* triu.c */,
				34F39095254C231300FA844C /* triu.h */,
				34F39070254C231000FA844C /* vertcat.c */,
				34F3909D254C231400FA844C /* vertcat.h */,
				34FA5A59254C03A1003D7362 /* init_sol.c */,
				34FA5A5A254C03A1003D7362 /* init_sol.h */,
				3416557124FF7EDE00BF702E /* main.c */,
				34FA5A56254C03A1003D7362 /* my_functions.c */,
				34FA5A58254C03A1003D7362 /* my_functions.h */,
				34FA5A54254C03A1003D7362 /* my_math.c */,
				34FA5A57254C03A1003D7362 /* my_math.h */,
				344749A9250390F300178222 /* tmwtypes.h */,
			);
			path = SWAMPOPT;
			sourceTree = "<group>";
		};
		34474A1A25077ACC00178222 /* Frameworks */ = {
			isa = PBXGroup;
			children = (
				3493F31A2518B563007FA460 /* libiomp5.dylib */,
				3493F3182518B3DC007FA460 /* libomp.dylib */,
				34474A2325077B6400178222 /* libcplex.a */,
				34474A2125077B6400178222 /* libcplexdistmip.a */,
				34474A2225077B6400178222 /* libilocplex.a */,
				34474A1F25077B2E00178222 /* libconcert.a */,
				34474A1D25077AE000178222 /* IOKit.framework */,
				34474A1B25077ACC00178222 /* CoreFoundation.framework */,
			);
			name = Frameworks;
			sourceTree = "<group>";
		};
/* End PBXGroup section */

/* Begin PBXNativeTarget section */
		3416556D24FF7EDE00BF702E /* SWAMPOPT */ = {
			isa = PBXNativeTarget;
			buildConfigurationList = 3416557524FF7EDE00BF702E /* Build configuration list for PBXNativeTarget "SWAMPOPT" */;
			buildPhases = (
				3416556A24FF7EDE00BF702E /* Sources */,
				3416556B24FF7EDE00BF702E /* Frameworks */,
				3416556C24FF7EDE00BF702E /* CopyFiles */,
			);
			buildRules = (
			);
			dependencies = (
			);
			name = SWAMPOPT;
			productName = Irrigazione;
			productReference = 3416556E24FF7EDE00BF702E /* SWAMPOPT */;
			productType = "com.apple.product-type.tool";
		};
/* End PBXNativeTarget section */

/* Begin PBXProject section */
		3416556624FF7EDE00BF702E /* Project object */ = {
			isa = PBXProject;
			attributes = {
				LastUpgradeCheck = 1010;
				ORGANIZATIONNAME = Valyria;
				TargetAttributes = {
					3416556D24FF7EDE00BF702E = {
						CreatedOnToolsVersion = 10.1;
					};
				};
			};
			buildConfigurationList = 3416556924FF7EDE00BF702E /* Build configuration list for PBXProject "SWAMPOPT" */;
			compatibilityVersion = "Xcode 9.3";
			developmentRegion = en;
			hasScannedForEncodings = 0;
			knownRegions = (
				en,
			);
			mainGroup = 3416556524FF7EDE00BF702E;
			productRefGroup = 3416556F24FF7EDE00BF702E /* Products */;
			projectDirPath = "";
			projectRoot = "";
			targets = (
				3416556D24FF7EDE00BF702E /* SWAMPOPT */,
			);
		};
/* End PBXProject section */

/* Begin PBXSourcesBuildPhase section */
		3416556A24FF7EDE00BF702E /* Sources */ = {
			isa = PBXSourcesBuildPhase;
			buildActionMask = 2147483647;
			files = (
				34F390C0254C231400FA844C /* sum.c in Sources */,
				34F390B3254C231400FA844C /* find.c in Sources */,
				34F390A9254C231400FA844C /* repmat.c in Sources */,
				34F390C6254C231400FA844C /* heapsort.c in Sources */,
				34F390BB254C231400FA844C /* minOrMax.c in Sources */,
				34F390BF254C231400FA844C /* insertionsort.c in Sources */,
				34F390AB254C231400FA844C /* sparse1.c in Sources */,
				3416557224FF7EDE00BF702E /* main.c in Sources */,
				34F390AD254C231400FA844C /* fillIn.c in Sources */,
				34F390A8254C231400FA844C /* get_MILP_terminate.c in Sources */,
				34F390AA254C231400FA844C /* catCheck.c in Sources */,
				34FA5A5D254C03A1003D7362 /* my_functions.c in Sources */,
				34F390B6254C231400FA844C /* spdiags.c in Sources */,
				34F390B0254C231400FA844C /* get_MILP_emxutil.c in Sources */,
				34F390A5254C231400FA844C /* diag.c in Sources */,
				34F390C4254C231400FA844C /* repelem.c in Sources */,
				34F390A4254C231400FA844C /* horzcat.c in Sources */,
				34F390B9254C231400FA844C /* get_MILP_initialize.c in Sources */,
				34F390BA254C231400FA844C /* kron.c in Sources */,
				34F390B2254C231400FA844C /* sparse.c in Sources */,
				34F390B1254C231400FA844C /* sprintf.c in Sources */,
				34F390A6254C231400FA844C /* repmat1.c in Sources */,
				34F390C3254C231400FA844C /* introsort.c in Sources */,
				34F390BE254C231400FA844C /* eye.c in Sources */,
				34F390B4254C231400FA844C /* get_MILP_emxAPI.c in Sources */,
				34F390BC254C231400FA844C /* rtGetInf.c in Sources */,
				34F390AF254C231400FA844C /* get_MILP_data.c in Sources */,
				34F390BD254C231400FA844C /* nullAssignment.c in Sources */,
				34F390C2254C231400FA844C /* triu.c in Sources */,
				34F390C5254C231400FA844C /* rt_nonfinite.c in Sources */,
				34FA5A5B254C03A1003D7362 /* my_math.c in Sources */,
				34FA5A5E254C03A1003D7362 /* init_sol.c in Sources */,
				34F390B7254C231400FA844C /* locBsearch.c in Sources */,
				34F390B5254C231400FA844C /* rtGetNaN.c in Sources */,
				34F390AC254C231400FA844C /* parenAssign2D.c in Sources */,
				34F390C7254C231400FA844C /* colon.c in Sources */,
				34F390B8254C231400FA844C /* get_MILP.c in Sources */,
				34F390AE254C231400FA844C /* vertcat.c in Sources */,
				34F390A7254C231400FA844C /* sort.c in Sources */,
				34F390C1254C231400FA844C /* sortIdx.c in Sources */,
			);
			runOnlyForDeploymentPostprocessing = 0;
		};
/* End PBXSourcesBuildPhase section */

/* Begin XCBuildConfiguration section */
		3416557324FF7EDE00BF702E /* Debug */ = {
			isa = XCBuildConfiguration;
			buildSettings = {
				ALWAYS_SEARCH_USER_PATHS = NO;
				CLANG_ANALYZER_NONNULL = YES;
				CLANG_ANALYZER_NUMBER_OBJECT_CONVERSION = YES_AGGRESSIVE;
				CLANG_CXX_LANGUAGE_STANDARD = "gnu++14";
				CLANG_CXX_LIBRARY = "libc++";
				CLANG_ENABLE_MODULES = YES;
				CLANG_ENABLE_OBJC_ARC = YES;
				CLANG_ENABLE_OBJC_WEAK = YES;
				CLANG_WARN_BLOCK_CAPTURE_AUTORELEASING = YES;
				CLANG_WARN_BOOL_CONVERSION = YES;
				CLANG_WARN_COMMA = YES;
				CLANG_WARN_CONSTANT_CONVERSION = YES;
				CLANG_WARN_DEPRECATED_OBJC_IMPLEMENTATIONS = YES;
				CLANG_WARN_DIRECT_OBJC_ISA_USAGE = YES_ERROR;
				CLANG_WARN_DOCUMENTATION_COMMENTS = YES;
				CLANG_WARN_EMPTY_BODY = YES;
				CLANG_WARN_ENUM_CONVERSION = YES;
				CLANG_WARN_INFINITE_RECURSION = YES;
				CLANG_WARN_INT_CONVERSION = YES;
				CLANG_WARN_NON_LITERAL_NULL_CONVERSION = YES;
				CLANG_WARN_OBJC_IMPLICIT_RETAIN_SELF = YES;
				CLANG_WARN_OBJC_LITERAL_CONVERSION = YES;
				CLANG_WARN_OBJC_ROOT_CLASS = YES_ERROR;
				CLANG_WARN_RANGE_LOOP_ANALYSIS = YES;
				CLANG_WARN_STRICT_PROTOTYPES = YES;
				CLANG_WARN_SUSPICIOUS_MOVE = YES;
				CLANG_WARN_UNGUARDED_AVAILABILITY = YES_AGGRESSIVE;
				CLANG_WARN_UNREACHABLE_CODE = YES;
				CLANG_WARN__DUPLICATE_METHOD_MATCH = YES;
				CODE_SIGN_IDENTITY = "-";
				COPY_PHASE_STRIP = NO;
				DEBUG_INFORMATION_FORMAT = dwarf;
				ENABLE_STRICT_OBJC_MSGSEND = YES;
				ENABLE_TESTABILITY = YES;
				GCC_C_LANGUAGE_STANDARD = gnu11;
				GCC_DYNAMIC_NO_PIC = NO;
				GCC_NO_COMMON_BLOCKS = YES;
				GCC_OPTIMIZATION_LEVEL = 0;
				GCC_PREPROCESSOR_DEFINITIONS = (
					"DEBUG=1",
					"$(inherited)",
				);
				GCC_WARN_64_TO_32_BIT_CONVERSION = YES;
				GCC_WARN_ABOUT_RETURN_TYPE = YES_ERROR;
				GCC_WARN_UNDECLARED_SELECTOR = YES;
				GCC_WARN_UNINITIALIZED_AUTOS = YES_AGGRESSIVE;
				GCC_WARN_UNUSED_FUNCTION = YES;
				GCC_WARN_UNUSED_VARIABLE = YES;
				MACOSX_DEPLOYMENT_TARGET = 10.13;
				MTL_ENABLE_DEBUG_INFO = INCLUDE_SOURCE;
				MTL_FAST_MATH = YES;
				ONLY_ACTIVE_ARCH = YES;
				SDKROOT = macosx;
			};
			name = Debug;
		};
		3416557424FF7EDE00BF702E /* Release */ = {
			isa = XCBuildConfiguration;
			buildSettings = {
				ALWAYS_SEARCH_USER_PATHS = NO;
				CLANG_ANALYZER_NONNULL = YES;
				CLANG_ANALYZER_NUMBER_OBJECT_CONVERSION = YES_AGGRESSIVE;
				CLANG_CXX_LANGUAGE_STANDARD = "gnu++14";
				CLANG_CXX_LIBRARY = "libc++";
				CLANG_ENABLE_MODULES = YES;
				CLANG_ENABLE_OBJC_ARC = YES;
				CLANG_ENABLE_OBJC_WEAK = YES;
				CLANG_WARN_BLOCK_CAPTURE_AUTORELEASING = YES;
				CLANG_WARN_BOOL_CONVERSION = YES;
				CLANG_WARN_COMMA = YES;
				CLANG_WARN_CONSTANT_CONVERSION = YES;
				CLANG_WARN_DEPRECATED_OBJC_IMPLEMENTATIONS = YES;
				CLANG_WARN_DIRECT_OBJC_ISA_USAGE = YES_ERROR;
				CLANG_WARN_DOCUMENTATION_COMMENTS = YES;
				CLANG_WARN_EMPTY_BODY = YES;
				CLANG_WARN_ENUM_CONVERSION = YES;
				CLANG_WARN_INFINITE_RECURSION = YES;
				CLANG_WARN_INT_CONVERSION = YES;
				CLANG_WARN_NON_LITERAL_NULL_CONVERSION = YES;
				CLANG_WARN_OBJC_IMPLICIT_RETAIN_SELF = YES;
				CLANG_WARN_OBJC_LITERAL_CONVERSION = YES;
				CLANG_WARN_OBJC_ROOT_CLASS = YES_ERROR;
				CLANG_WARN_RANGE_LOOP_ANALYSIS = YES;
				CLANG_WARN_STRICT_PROTOTYPES = YES;
				CLANG_WARN_SUSPICIOUS_MOVE = YES;
				CLANG_WARN_UNGUARDED_AVAILABILITY = YES_AGGRESSIVE;
				CLANG_WARN_UNREACHABLE_CODE = YES;
				CLANG_WARN__DUPLICATE_METHOD_MATCH = YES;
				CODE_SIGN_IDENTITY = "-";
				COPY_PHASE_STRIP = NO;
				DEBUG_INFORMATION_FORMAT = "dwarf-with-dsym";
				ENABLE_NS_ASSERTIONS = NO;
				ENABLE_STRICT_OBJC_MSGSEND = YES;
				GCC_C_LANGUAGE_STANDARD = gnu11;
				GCC_NO_COMMON_BLOCKS = YES;
				GCC_WARN_64_TO_32_BIT_CONVERSION = YES;
				GCC_WARN_ABOUT_RETURN_TYPE = YES_ERROR;
				GCC_WARN_UNDECLARED_SELECTOR = YES;
				GCC_WARN_UNINITIALIZED_AUTOS = YES_AGGRESSIVE;
				GCC_WARN_UNUSED_FUNCTION = YES;
				GCC_WARN_UNUSED_VARIABLE = YES;
				MACOSX_DEPLOYMENT_TARGET = 10.13;
				MTL_ENABLE_DEBUG_INFO = NO;
				MTL_FAST_MATH = YES;
				SDKROOT = macosx;
			};
			name = Release;
		};
		3416557624FF7EDE00BF702E /* Debug */ = {
			isa = XCBuildConfiguration;
			buildSettings = {
				CLANG_ENABLE_MODULES = YES;
				CODE_SIGN_STYLE = Automatic;
				COMPILER_INDEX_STORE_ENABLE = Default;
				HEADER_SEARCH_PATHS = (
					/Applications/CPLEX_Studio129/concert/include,
					/Applications/CPLEX_Studio129/cplex/include,
				);
				LIBRARY_SEARCH_PATHS = (
					"/Applications/CPLEX_Studio129/concert/lib/x86-64_osx/static_pic",
					"/Applications/CPLEX_Studio129/cplex/lib/x86-64_osx/static_pic",
				);
				OTHER_CFLAGS = "-DIL_STD";
				PRODUCT_NAME = "$(TARGET_NAME)";
			};
			name = Debug;
		};
		3416557724FF7EDE00BF702E /* Release */ = {
			isa = XCBuildConfiguration;
			buildSettings = {
				CLANG_ENABLE_MODULES = YES;
				CODE_SIGN_STYLE = Automatic;
				COMPILER_INDEX_STORE_ENABLE = Default;
				HEADER_SEARCH_PATHS = (
					/Applications/CPLEX_Studio129/concert/include,
					/Applications/CPLEX_Studio129/cplex/include,
				);
				LIBRARY_SEARCH_PATHS = (
					"/Applications/CPLEX_Studio129/concert/lib/x86-64_osx/static_pic",
					"/Applications/CPLEX_Studio129/cplex/lib/x86-64_osx/static_pic",
				);
				OTHER_CFLAGS = "-DIL_STD";
				PRODUCT_NAME = "$(TARGET_NAME)";
			};
			name = Release;
		};
/* End XCBuildConfiguration section */

/* Begin XCConfigurationList section */
		3416556924FF7EDE00BF702E /* Build configuration list for PBXProject "SWAMPOPT" */ = {
			isa = XCConfigurationList;
			buildConfigurations = (
				3416557324FF7EDE00BF702E /* Debug */,
				3416557424FF7EDE00BF702E /* Release */,
			);
			defaultConfigurationIsVisible = 0;
			defaultConfigurationName = Release;
		};
		3416557524FF7EDE00BF702E /* Build configuration list for PBXNativeTarget "SWAMPOPT" */ = {
			isa = XCConfigurationList;
			buildConfigurations = (
				3416557624FF7EDE00BF702E /* Debug */,
				3416557724FF7EDE00BF702E /* Release */,
			);
			defaultConfigurationIsVisible = 0;
			defaultConfigurationName = Release;
		};
/* End XCConfigurationList section */
	};
	rootObject = 3416556624FF7EDE00BF702E /* Project object */;
}
